
Microsoft Visual Studio Solution File, Format Version 12.00
# Visual Studio 2013
VisualStudioVersion = 12.0.31101.0
MinimumVisualStudioVersion = 10.0.40219.1
Project("{FAE04EC0-301F-11D3-BF4B-00C04F79EFBC}") = "FinanzasPersonalesUI", "FinanzasPersonales\FinanzasPersonalesUI.csproj", "{9EF034BD-CE16-453B-BAE3-E3074B6CF334}"
EndProject
Project("{FAE04EC0-301F-11D3-BF4B-00C04F79EFBC}") = "BLL", "BLL\BLL.csproj", "{6C82934C-E0D0-432B-9D9D-C68AF0352786}"
EndProject
Project("{FAE04EC0-301F-11D3-BF4B-00C04F79EFBC}") = "DAL", "DAL\DAL.csproj", "{01911D2D-FDE4-4CCA-A79B-F23515077E0A}"
EndProject
Project("{FAE04EC0-301F-11D3-BF4B-00C04F79EFBC}") = "Prueba", "Prueba\Prueba.csproj", "{F8BD90CA-CB9E-4C1C-B4E1-13145BB5FDF8}"
EndProject
Global
	GlobalSection(SolutionConfigurationPlatforms) = preSolution
		Debug|Any CPU = Debug|Any CPU
		Release|Any CPU = Release|Any CPU
	EndGlobalSection
	GlobalSection(ProjectConfigurationPlatforms) = postSolution
		{9EF034BD-CE16-453B-BAE3-E3074B6CF334}.Debug|Any CPU.ActiveCfg = Debug|Any CPU
		{9EF034BD-CE16-453B-BAE3-E3074B6CF334}.Debug|Any CPU.Build.0 = Debug|Any CPU
		{9EF034BD-CE16-453B-BAE3-E3074B6CF334}.Release|Any CPU.ActiveCfg = Release|Any CPU
		{9EF034BD-CE16-453B-BAE3-E3074B6CF334}.Release|Any CPU.Build.0 = Release|Any CPU
		{6C82934C-E0D0-432B-9D9D-C68AF0352786}.Debug|Any CPU.ActiveCfg = Debug|Any CPU
		{6C82934C-E0D0-432B-9D9D-C68AF0352786}.Debug|Any CPU.Build.0 = Debug|Any CPU
		{6C82934C-E0D0-432B-9D9D-C68AF0352786}.Release|Any CPU.ActiveCfg = Release|Any CPU
		{6C82934C-E0D0-432B-9D9D-C68AF0352786}.Release|Any CPU.Build.0 = Release|Any CPU
		{01911D2D-FDE4-4CCA-A79B-F23515077E0A}.Debug|Any CPU.ActiveCfg = Debug|Any CPU
		{01911D2D-FDE4-4CCA-A79B-F23515077E0A}.Debug|Any CPU.Build.0 = Debug|Any CPU
		{01911D2D-FDE4-4CCA-A79B-F23515077E0A}.Release|Any CPU.ActiveCfg = Release|Any CPU
		{01911D2D-FDE4-4CCA-A79B-F23515077E0A}.Release|Any CPU.Build.0 = Release|Any CPU
		{F8BD90CA-CB9E-4C1C-B4E1-13145BB5FDF8}.Debug|Any CPU.ActiveCfg = Debug|Any CPU
		{F8BD90CA-CB9E-4C1C-B4E1-13145BB5FDF8}.Debug|Any CPU.Build.0 = Debug|Any CPU
		{F8BD90CA-CB9E-4C1C-B4E1-13145BB5FDF8}.Release|Any CPU.ActiveCfg = Release|Any CPU
		{F8BD90CA-CB9E-4C1C-B4E1-13145BB5FDF8}.Release|Any CPU.Build.0 = Release|Any CPU
	EndGlobalSection
	GlobalSection(SolutionProperties) = preSolution
		HideSolutionNode = FALSE
	EndGlobalSection
EndGlobal
